
Microsoft Visual Studio Solution File, Format Version 12.00
# Visual Studio Version 16
VisualStudioVersion = 16.0.31702.278
MinimumVisualStudioVersion = 10.0.40219.1
Project("{FAE04EC0-301F-11D3-BF4B-00C04F79EFBC}") = "Polygons", "Polygons\Polygons.csproj", "{FF6E28F9-D376-4453-BC4C-58E53676444F}"
EndProject
Project("{9A19103F-16F7-4668-BE54-9A1E7A4F7556}") = "PolygonsDemo", "PolygonsDemo\PolygonsDemo.csproj", "{BF8C237A-5678-4968-90AF-C59ADFC27A7D}"
EndProject
Project("{9A19103F-16F7-4668-BE54-9A1E7A4F7556}") = "GraficiOdabranihFunkcija", "GraficiOdabranihFunkcija\GraficiOdabranihFunkcija.csproj", "{76389558-6C42-4A4E-8256-0CDB53E7C050}"
EndProject
Project("{9A19103F-16F7-4668-BE54-9A1E7A4F7556}") = "CrtanjeMnogouglova", "CrtanjeMnogouglova\CrtanjeMnogouglova.csproj", "{E1B7C62D-7A56-45AB-833E-942E93581F25}"
EndProject
Project("{9A19103F-16F7-4668-BE54-9A1E7A4F7556}") = "CoordinateConverter", "CoordinateConverter\CoordinateConverter.csproj", "{83CE1D6F-BE17-4A21-95FE-BC4C85523EF8}"
EndProject
Global
	GlobalSection(SolutionConfigurationPlatforms) = preSolution
		Debug|Any CPU = Debug|Any CPU
		Release|Any CPU = Release|Any CPU
	EndGlobalSection
	GlobalSection(ProjectConfigurationPlatforms) = postSolution
		{FF6E28F9-D376-4453-BC4C-58E53676444F}.Debug|Any CPU.ActiveCfg = Debug|Any CPU
		{FF6E28F9-D376-4453-BC4C-58E53676444F}.Debug|Any CPU.Build.0 = Debug|Any CPU
		{FF6E28F9-D376-4453-BC4C-58E53676444F}.Release|Any CPU.ActiveCfg = Release|Any CPU
		{FF6E28F9-D376-4453-BC4C-58E53676444F}.Release|Any CPU.Build.0 = Release|Any CPU
		{BF8C237A-5678-4968-90AF-C59ADFC27A7D}.Debug|Any CPU.ActiveCfg = Debug|Any CPU
		{BF8C237A-5678-4968-90AF-C59ADFC27A7D}.Debug|Any CPU.Build.0 = Debug|Any CPU
		{BF8C237A-5678-4968-90AF-C59ADFC27A7D}.Release|Any CPU.ActiveCfg = Release|Any CPU
		{BF8C237A-5678-4968-90AF-C59ADFC27A7D}.Release|Any CPU.Build.0 = Release|Any CPU
		{76389558-6C42-4A4E-8256-0CDB53E7C050}.Debug|Any CPU.ActiveCfg = Debug|Any CPU
		{76389558-6C42-4A4E-8256-0CDB53E7C050}.Debug|Any CPU.Build.0 = Debug|Any CPU
		{76389558-6C42-4A4E-8256-0CDB53E7C050}.Release|Any CPU.ActiveCfg = Release|Any CPU
		{76389558-6C42-4A4E-8256-0CDB53E7C050}.Release|Any CPU.Build.0 = Release|Any CPU
		{E1B7C62D-7A56-45AB-833E-942E93581F25}.Debug|Any CPU.ActiveCfg = Debug|Any CPU
		{E1B7C62D-7A56-45AB-833E-942E93581F25}.Debug|Any CPU.Build.0 = Debug|Any CPU
		{E1B7C62D-7A56-45AB-833E-942E93581F25}.Release|Any CPU.ActiveCfg = Release|Any CPU
		{E1B7C62D-7A56-45AB-833E-942E93581F25}.Release|Any CPU.Build.0 = Release|Any CPU
		{83CE1D6F-BE17-4A21-95FE-BC4C85523EF8}.Debug|Any CPU.ActiveCfg = Debug|Any CPU
		{83CE1D6F-BE17-4A21-95FE-BC4C85523EF8}.Debug|Any CPU.Build.0 = Debug|Any CPU
		{83CE1D6F-BE17-4A21-95FE-BC4C85523EF8}.Release|Any CPU.ActiveCfg = Release|Any CPU
		{83CE1D6F-BE17-4A21-95FE-BC4C85523EF8}.Release|Any CPU.Build.0 = Release|Any CPU
	EndGlobalSection
	GlobalSection(SolutionProperties) = preSolution
		HideSolutionNode = FALSE
	EndGlobalSection
	GlobalSection(ExtensibilityGlobals) = postSolution
		SolutionGuid = {1E3A6D48-238C-4694-BE77-F08B37A80CA1}
	EndGlobalSection
EndGlobal
